
Microsoft Visual Studio Solution File, Format Version 12.00
# Visual Studio Version 17
VisualStudioVersion = 17.0.31903.59
MinimumVisualStudioVersion = 10.0.40219.1
Project("{FAE04EC0-301F-11D3-BF4B-00C04F79EFBC}") = "PastPort.API", "PastPort.API\PastPort.API.csproj", "{9CD618AA-6E39-4B24-A0AE-347E40FE94FF}"
EndProject
Project("{FAE04EC0-301F-11D3-BF4B-00C04F79EFBC}") = "PastPort.Domain", "PastPort.Domain\PastPort.Domain.csproj", "{35F1BEB2-98C9-4ABA-8712-0F9AD9C3D152}"
EndProject
Project("{FAE04EC0-301F-11D3-BF4B-00C04F79EFBC}") = "PastPort.Tests", "PastPort.Tests\PastPort.Tests.csproj", "{EF277E05-2F89-491A-8D2C-ABB74B5B2F9E}"
EndProject
Project("{FAE04EC0-301F-11D3-BF4B-00C04F79EFBC}") = "PastPort.Infrastructure", "PastPort.Infrastructure\PastPort.Infrastructure.csproj", "{410983E5-8B65-48DB-88B9-D7E4B3305E6F}"
EndProject
Project("{FAE04EC0-301F-11D3-BF4B-00C04F79EFBC}") = "PastPort.Application", "PastPort.Application\PastPort.Application.csproj", "{CB4114B3-5F59-4D03-8A8F-980502348FFF}"
EndProject
Project("{2150E333-8FDC-42A3-9474-1A3956D46DE8}") = "SubscriptionPayment", "SubscriptionPayment", "{F5A5F7D7-59D6-41F9-9FD6-43FF8D104F76}"
EndProject
Project("{2150E333-8FDC-42A3-9474-1A3956D46DE8}") = "Domain", "Domain", "{37FAD8CD-BA2D-43A2-8553-C012C842564B}"
	ProjectSection(SolutionItems) = preProject
		Enums.cs = Enums.cs
	EndProjectSection
EndProject
Project("{2150E333-8FDC-42A3-9474-1A3956D46DE8}") = "Infrastructure", "Infrastructure", "{D45F0B09-E161-468D-BC4B-561AFCA00F73}"
EndProject
Project("{2150E333-8FDC-42A3-9474-1A3956D46DE8}") = "Data", "Data", "{BD53104C-27AB-4CF5-BA55-83F2DB6C3728}"
	ProjectSection(SolutionItems) = preProject
		AppDbContext.cs = AppDbContext.cs
	EndProjectSection
EndProject
Project("{2150E333-8FDC-42A3-9474-1A3956D46DE8}") = "API", "API", "{87DA3874-3B20-492E-94D9-2A511B31EE70}"
EndProject
Project("{2150E333-8FDC-42A3-9474-1A3956D46DE8}") = "Filters", "Filters", "{A767B16D-8ABB-4E8E-90BA-213B06D37D2B}"
	ProjectSection(SolutionItems) = preProject
		RequiresFeatureAttribute.cs = RequiresFeatureAttribute.cs
	EndProjectSection
EndProject
Global
	GlobalSection(SolutionConfigurationPlatforms) = preSolution
		Debug|Any CPU = Debug|Any CPU
		Release|Any CPU = Release|Any CPU
	EndGlobalSection
	GlobalSection(ProjectConfigurationPlatforms) = postSolution
		{9CD618AA-6E39-4B24-A0AE-347E40FE94FF}.Debug|Any CPU.ActiveCfg = Debug|Any CPU
		{9CD618AA-6E39-4B24-A0AE-347E40FE94FF}.Debug|Any CPU.Build.0 = Debug|Any CPU
		{9CD618AA-6E39-4B24-A0AE-347E40FE94FF}.Release|Any CPU.ActiveCfg = Release|Any CPU
		{9CD618AA-6E39-4B24-A0AE-347E40FE94FF}.Release|Any CPU.Build.0 = Release|Any CPU
		{35F1BEB2-98C9-4ABA-8712-0F9AD9C3D152}.Debug|Any CPU.ActiveCfg = Debug|Any CPU
		{35F1BEB2-98C9-4ABA-8712-0F9AD9C3D152}.Debug|Any CPU.Build.0 = Debug|Any CPU
		{35F1BEB2-98C9-4ABA-8712-0F9AD9C3D152}.Release|Any CPU.ActiveCfg = Release|Any CPU
		{35F1BEB2-98C9-4ABA-8712-0F9AD9C3D152}.Release|Any CPU.Build.0 = Release|Any CPU
		{EF277E05-2F89-491A-8D2C-ABB74B5B2F9E}.Debug|Any CPU.ActiveCfg = Debug|Any CPU
		{EF277E05-2F89-491A-8D2C-ABB74B5B2F9E}.Debug|Any CPU.Build.0 = Debug|Any CPU
		{EF277E05-2F89-491A-8D2C-ABB74B5B2F9E}.Release|Any CPU.ActiveCfg = Release|Any CPU
		{EF277E05-2F89-491A-8D2C-ABB74B5B2F9E}.Release|Any CPU.Build.0 = Release|Any CPU
		{410983E5-8B65-48DB-88B9-D7E4B3305E6F}.Debug|Any CPU.ActiveCfg = Debug|Any CPU
		{410983E5-8B65-48DB-88B9-D7E4B3305E6F}.Debug|Any CPU.Build.0 = Debug|Any CPU
		{410983E5-8B65-48DB-88B9-D7E4B3305E6F}.Release|Any CPU.ActiveCfg = Release|Any CPU
		{410983E5-8B65-48DB-88B9-D7E4B3305E6F}.Release|Any CPU.Build.0 = Release|Any CPU
		{CB4114B3-5F59-4D03-8A8F-980502348FFF}.Debug|Any CPU.ActiveCfg = Debug|Any CPU
		{CB4114B3-5F59-4D03-8A8F-980502348FFF}.Debug|Any CPU.Build.0 = Debug|Any CPU
		{CB4114B3-5F59-4D03-8A8F-980502348FFF}.Release|Any CPU.ActiveCfg = Release|Any CPU
		{CB4114B3-5F59-4D03-8A8F-980502348FFF}.Release|Any CPU.Build.0 = Release|Any CPU
	EndGlobalSection
	GlobalSection(SolutionProperties) = preSolution
		HideSolutionNode = FALSE
	EndGlobalSection
	GlobalSection(NestedProjects) = preSolution
		{37FAD8CD-BA2D-43A2-8553-C012C842564B} = {F5A5F7D7-59D6-41F9-9FD6-43FF8D104F76}
		{D45F0B09-E161-468D-BC4B-561AFCA00F73} = {F5A5F7D7-59D6-41F9-9FD6-43FF8D104F76}
		{BD53104C-27AB-4CF5-BA55-83F2DB6C3728} = {D45F0B09-E161-468D-BC4B-561AFCA00F73}
		{87DA3874-3B20-492E-94D9-2A511B31EE70} = {F5A5F7D7-59D6-41F9-9FD6-43FF8D104F76}
		{A767B16D-8ABB-4E8E-90BA-213B06D37D2B} = {87DA3874-3B20-492E-94D9-2A511B31EE70}
	EndGlobalSection
EndGlobal
